// !$*UTF8*$!
{
	archiveVersion = 1;
	classes = {
	};
	objectVersion = 46;
	objects = {

/* Begin PBXBuildFile section */
		22CC73CF1D73363500CFA589 /* URLProvider.swift in Sources */ = {isa = PBXBuildFile; fileRef = 22CC73CE1D73363500CFA589 /* URLProvider.swift */; };
		22CC73D11D7337B100CFA589 /* WebServices.swift in Sources */ = {isa = PBXBuildFile; fileRef = 22CC73D01D7337B100CFA589 /* WebServices.swift */; };
		22CC73D31D73385900CFA589 /* Constants.swift in Sources */ = {isa = PBXBuildFile; fileRef = 22CC73D21D73385900CFA589 /* Constants.swift */; };
		22CC73D51D7339C300CFA589 /* Utils.swift in Sources */ = {isa = PBXBuildFile; fileRef = 22CC73D41D7339C300CFA589 /* Utils.swift */; };
		BE5E9B9133EA70FC270AEE16 /* Pods_smartbnbkit.framework in Frameworks */ = {isa = PBXBuildFile; fileRef = FDF027207F577A31613FF339 /* Pods_smartbnbkit.framework */; };
		DD3899C51D6BA89F0070E668 /* AppDelegate.swift in Sources */ = {isa = PBXBuildFile; fileRef = DD3899BC1D6BA89F0070E668 /* AppDelegate.swift */; };
		DD3899C71D6BA89F0070E668 /* Assets.xcassets in Resources */ = {isa = PBXBuildFile; fileRef = DD3899BF1D6BA89F0070E668 /* Assets.xcassets */; };
		DD3899C81D6BA89F0070E668 /* LaunchScreen.storyboard in Resources */ = {isa = PBXBuildFile; fileRef = DD3899C11D6BA89F0070E668 /* LaunchScreen.storyboard */; };
		DD3899C91D6BA89F0070E668 /* Main.storyboard in Resources */ = {isa = PBXBuildFile; fileRef = DD3899C31D6BA89F0070E668 /* Main.storyboard */; };
		DDB019751D70E4FD00F250BD /* OpenSans-Regular.ttf in Resources */ = {isa = PBXBuildFile; fileRef = DDB019731D70E4FD00F250BD /* OpenSans-Regular.ttf */; };
		DDB019761D70E4FD00F250BD /* OpenSans-Semibold.ttf in Resources */ = {isa = PBXBuildFile; fileRef = DDB019741D70E4FD00F250BD /* OpenSans-Semibold.ttf */; };
		DDC0DDCD1D6C9FD800CCEC9A /* StyleKit.swift in Sources */ = {isa = PBXBuildFile; fileRef = DDC0DDCC1D6C9FD800CCEC9A /* StyleKit.swift */; };
		DDC0DDD21D6C9FF300CCEC9A /* LoginViewController.swift in Sources */ = {isa = PBXBuildFile; fileRef = DDC0DDCF1D6C9FF300CCEC9A /* LoginViewController.swift */; };
		DDC0DDD31D6C9FF300CCEC9A /* SwitchViewController.swift in Sources */ = {isa = PBXBuildFile; fileRef = DDC0DDD01D6C9FF300CCEC9A /* SwitchViewController.swift */; };
		DDC0DDD51D6CA01100CCEC9A /* MaskotView.swift in Sources */ = {isa = PBXBuildFile; fileRef = DDC0DDD41D6CA01100CCEC9A /* MaskotView.swift */; };
/* End PBXBuildFile section */

/* Begin PBXFileReference section */
		22CC73CE1D73363500CFA589 /* URLProvider.swift */ = {isa = PBXFileReference; fileEncoding = 4; lastKnownFileType = sourcecode.swift; path = URLProvider.swift; sourceTree = "<group>"; };
		22CC73D01D7337B100CFA589 /* WebServices.swift */ = {isa = PBXFileReference; fileEncoding = 4; lastKnownFileType = sourcecode.swift; name = WebServices.swift; path = Services/WebServices/WebServices.swift; sourceTree = "<group>"; };
		22CC73D21D73385900CFA589 /* Constants.swift */ = {isa = PBXFileReference; fileEncoding = 4; lastKnownFileType = sourcecode.swift; path = Constants.swift; sourceTree = "<group>"; };
		22CC73D41D7339C300CFA589 /* Utils.swift */ = {isa = PBXFileReference; fileEncoding = 4; lastKnownFileType = sourcecode.swift; path = Utils.swift; sourceTree = "<group>"; };
		68EEBA9F7A7FE4CAA6827C5F /* Pods-smartbnbkit.debug.xcconfig */ = {isa = PBXFileReference; includeInIndex = 1; lastKnownFileType = text.xcconfig; name = "Pods-smartbnbkit.debug.xcconfig"; path = "../Pods/Target Support Files/Pods-smartbnbkit/Pods-smartbnbkit.debug.xcconfig"; sourceTree = "<group>"; };
		92D05E572B6D63063169EBEF /* Pods-smartbnbkit.release.xcconfig */ = {isa = PBXFileReference; includeInIndex = 1; lastKnownFileType = text.xcconfig; name = "Pods-smartbnbkit.release.xcconfig"; path = "../Pods/Target Support Files/Pods-smartbnbkit/Pods-smartbnbkit.release.xcconfig"; sourceTree = "<group>"; };
		DD3899A61D6BA8170070E668 /* smartbnbkit.app */ = {isa = PBXFileReference; explicitFileType = wrapper.application; includeInIndex = 0; path = smartbnbkit.app; sourceTree = BUILT_PRODUCTS_DIR; };
		DD3899B51D6BA8170070E668 /* Info.plist */ = {isa = PBXFileReference; lastKnownFileType = text.plist.xml; path = Info.plist; sourceTree = "<group>"; };
		DD3899BC1D6BA89F0070E668 /* AppDelegate.swift */ = {isa = PBXFileReference; fileEncoding = 4; lastKnownFileType = sourcecode.swift; path = AppDelegate.swift; sourceTree = "<group>"; };
		DD3899BF1D6BA89F0070E668 /* Assets.xcassets */ = {isa = PBXFileReference; lastKnownFileType = folder.assetcatalog; path = Assets.xcassets; sourceTree = "<group>"; };
		DD3899C21D6BA89F0070E668 /* Base */ = {isa = PBXFileReference; lastKnownFileType = file.storyboard; name = Base; path = Base.lproj/LaunchScreen.storyboard; sourceTree = "<group>"; };
		DD3899C41D6BA89F0070E668 /* Base */ = {isa = PBXFileReference; lastKnownFileType = file.storyboard; name = Base; path = Base.lproj/Main.storyboard; sourceTree = "<group>"; };
		DDB019731D70E4FD00F250BD /* OpenSans-Regular.ttf */ = {isa = PBXFileReference; lastKnownFileType = file; path = "OpenSans-Regular.ttf"; sourceTree = "<group>"; };
		DDB019741D70E4FD00F250BD /* OpenSans-Semibold.ttf */ = {isa = PBXFileReference; lastKnownFileType = file; path = "OpenSans-Semibold.ttf"; sourceTree = "<group>"; };
		DDC0DDCC1D6C9FD800CCEC9A /* StyleKit.swift */ = {isa = PBXFileReference; fileEncoding = 4; lastKnownFileType = sourcecode.swift; path = StyleKit.swift; sourceTree = "<group>"; };
		DDC0DDCF1D6C9FF300CCEC9A /* LoginViewController.swift */ = {isa = PBXFileReference; fileEncoding = 4; lastKnownFileType = sourcecode.swift; path = LoginViewController.swift; sourceTree = "<group>"; };
		DDC0DDD01D6C9FF300CCEC9A /* SwitchViewController.swift */ = {isa = PBXFileReference; fileEncoding = 4; lastKnownFileType = sourcecode.swift; path = SwitchViewController.swift; sourceTree = "<group>"; };
		DDC0DDD41D6CA01100CCEC9A /* MaskotView.swift */ = {isa = PBXFileReference; fileEncoding = 4; lastKnownFileType = sourcecode.swift; path = MaskotView.swift; sourceTree = "<group>"; };
		FDF027207F577A31613FF339 /* Pods_smartbnbkit.framework */ = {isa = PBXFileReference; explicitFileType = wrapper.framework; includeInIndex = 0; path = Pods_smartbnbkit.framework; sourceTree = BUILT_PRODUCTS_DIR; };
/* End PBXFileReference section */

/* Begin PBXFrameworksBuildPhase section */
		DD3899A31D6BA8170070E668 /* Frameworks */ = {
			isa = PBXFrameworksBuildPhase;
			buildActionMask = 2147483647;
			files = (
				BE5E9B9133EA70FC270AEE16 /* Pods_smartbnbkit.framework in Frameworks */,
			);
			runOnlyForDeploymentPostprocessing = 0;
		};
/* End PBXFrameworksBuildPhase section */

/* Begin PBXGroup section */
		07FA0192C18857294F44BD79 /* Frameworks */ = {
			isa = PBXGroup;
			children = (
				FDF027207F577A31613FF339 /* Pods_smartbnbkit.framework */,
			);
			name = Frameworks;
			sourceTree = "<group>";
		};
		22CC73CA1D731B4C00CFA589 /* Services */ = {
			isa = PBXGroup;
			children = (
				22CC73CB1D731B8900CFA589 /* WebServices */,
			);
			name = Services;
			sourceTree = "<group>";
		};
		22CC73CB1D731B8900CFA589 /* WebServices */ = {
			isa = PBXGroup;
			children = (
				22CC73D01D7337B100CFA589 /* WebServices.swift */,
			);
			name = WebServices;
			sourceTree = "<group>";
		};
		22CC73CC1D731BC500CFA589 /* Libraries */ = {
			isa = PBXGroup;
			children = (
			);
			name = Libraries;
			path = Classes;
			sourceTree = "<group>";
		};
		6A13515805A1BAF6CD6C7275 /* Pods */ = {
			isa = PBXGroup;
			children = (
				68EEBA9F7A7FE4CAA6827C5F /* Pods-smartbnbkit.debug.xcconfig */,
				92D05E572B6D63063169EBEF /* Pods-smartbnbkit.release.xcconfig */,
			);
			name = Pods;
			sourceTree = "<group>";
		};
		DD38999D1D6BA8170070E668 = {
			isa = PBXGroup;
			children = (
				DD3899A81D6BA8170070E668 /* smartbnbkit */,
				DD3899A71D6BA8170070E668 /* Products */,
				07FA0192C18857294F44BD79 /* Frameworks */,
				6A13515805A1BAF6CD6C7275 /* Pods */,
			);
			sourceTree = "<group>";
		};
		DD3899A71D6BA8170070E668 /* Products */ = {
			isa = PBXGroup;
			children = (
				DD3899A61D6BA8170070E668 /* smartbnbkit.app */,
			);
			name = Products;
			sourceTree = "<group>";
		};
		DD3899A81D6BA8170070E668 /* smartbnbkit */ = {
			isa = PBXGroup;
			children = (
				DD3899BB1D6BA89F0070E668 /* Classes */,
				DD3899BE1D6BA89F0070E668 /* Resources */,
				DD3899C01D6BA89F0070E668 /* Storyboards */,
				22CC73CC1D731BC500CFA589 /* Libraries */,
				DD3899B51D6BA8170070E668 /* Info.plist */,
			);
			path = smartbnbkit;
			sourceTree = "<group>";
		};
		DD3899BB1D6BA89F0070E668 /* Classes */ = {
			isa = PBXGroup;
			children = (
				DD3899BC1D6BA89F0070E668 /* AppDelegate.swift */,
				DDC0DDCE1D6C9FF300CCEC9A /* Controllers */,
				DDC0DDD11D6C9FF300CCEC9A /* Views */,
				DDC0DDCB1D6C9FD800CCEC9A /* Other */,
				22CC73CA1D731B4C00CFA589 /* Services */,
			);
			path = Classes;
			sourceTree = "<group>";
		};
		DD3899BE1D6BA89F0070E668 /* Resources */ = {
			isa = PBXGroup;
			children = (
				DD3899BF1D6BA89F0070E668 /* Assets.xcassets */,
				DDB019721D70E4FD00F250BD /* Fonts */,
			);
			path = Resources;
			sourceTree = "<group>";
		};
		DD3899C01D6BA89F0070E668 /* Storyboards */ = {
			isa = PBXGroup;
			children = (
				DD3899C11D6BA89F0070E668 /* LaunchScreen.storyboard */,
				DD3899C31D6BA89F0070E668 /* Main.storyboard */,
			);
			path = Storyboards;
			sourceTree = "<group>";
		};
		DDB019721D70E4FD00F250BD /* Fonts */ = {
			isa = PBXGroup;
			children = (
				DDB019731D70E4FD00F250BD /* OpenSans-Regular.ttf */,
				DDB019741D70E4FD00F250BD /* OpenSans-Semibold.ttf */,
			);
			path = Fonts;
			sourceTree = "<group>";
		};
		DDC0DDCB1D6C9FD800CCEC9A /* Other */ = {
			isa = PBXGroup;
			children = (
				DDC0DDCC1D6C9FD800CCEC9A /* StyleKit.swift */,
				22CC73CE1D73363500CFA589 /* URLProvider.swift */,
				22CC73D21D73385900CFA589 /* Constants.swift */,
				22CC73D41D7339C300CFA589 /* Utils.swift */,
			);
			path = Other;
			sourceTree = "<group>";
		};
		DDC0DDCE1D6C9FF300CCEC9A /* Controllers */ = {
			isa = PBXGroup;
			children = (
				DDC0DDCF1D6C9FF300CCEC9A /* LoginViewController.swift */,
				DDC0DDD01D6C9FF300CCEC9A /* SwitchViewController.swift */,
			);
			path = Controllers;
			sourceTree = "<group>";
		};
		DDC0DDD11D6C9FF300CCEC9A /* Views */ = {
			isa = PBXGroup;
			children = (
				DDC0DDD41D6CA01100CCEC9A /* MaskotView.swift */,
			);
			path = Views;
			sourceTree = "<group>";
		};
/* End PBXGroup section */

/* Begin PBXNativeTarget section */
		DD3899A51D6BA8170070E668 /* smartbnbkit */ = {
			isa = PBXNativeTarget;
			buildConfigurationList = DD3899B81D6BA8170070E668 /* Build configuration list for PBXNativeTarget "smartbnbkit" */;
			buildPhases = (
				31A0043A13CEFA6A4C5CFA1A /* [CP] Check Pods Manifest.lock */,
				DD3899A21D6BA8170070E668 /* Sources */,
				DD3899A31D6BA8170070E668 /* Frameworks */,
				DD3899A41D6BA8170070E668 /* Resources */,
				DD9162BD1D6CFD660086C0D7 /* TODO as Warnings */,
				E9681AE0F52E42F665A7AC84 /* [CP] Embed Pods Frameworks */,
				EEE0C4DFDC94C64A9242F346 /* [CP] Copy Pods Resources */,
			);
			buildRules = (
			);
			dependencies = (
			);
			name = smartbnbkit;
			productName = smartbnbkit;
			productReference = DD3899A61D6BA8170070E668 /* smartbnbkit.app */;
			productType = "com.apple.product-type.application";
		};
/* End PBXNativeTarget section */

/* Begin PBXProject section */
		DD38999E1D6BA8170070E668 /* Project object */ = {
			isa = PBXProject;
			attributes = {
				LastSwiftUpdateCheck = 0730;
				LastUpgradeCheck = 0730;
				ORGANIZATIONNAME = Toptal;
				TargetAttributes = {
					DD3899A51D6BA8170070E668 = {
						CreatedOnToolsVersion = 7.3.1;
					};
				};
			};
			buildConfigurationList = DD3899A11D6BA8170070E668 /* Build configuration list for PBXProject "smartbnbkit" */;
			compatibilityVersion = "Xcode 3.2";
			developmentRegion = English;
			hasScannedForEncodings = 0;
			knownRegions = (
				en,
				Base,
			);
			mainGroup = DD38999D1D6BA8170070E668;
			productRefGroup = DD3899A71D6BA8170070E668 /* Products */;
			projectDirPath = "";
			projectRoot = "";
			targets = (
				DD3899A51D6BA8170070E668 /* smartbnbkit */,
			);
		};
/* End PBXProject section */

/* Begin PBXResourcesBuildPhase section */
		DD3899A41D6BA8170070E668 /* Resources */ = {
			isa = PBXResourcesBuildPhase;
			buildActionMask = 2147483647;
			files = (
				DD3899C91D6BA89F0070E668 /* Main.storyboard in Resources */,
				DD3899C71D6BA89F0070E668 /* Assets.xcassets in Resources */,
				DDB019751D70E4FD00F250BD /* OpenSans-Regular.ttf in Resources */,
				DD3899C81D6BA89F0070E668 /* LaunchScreen.storyboard in Resources */,
				DDB019761D70E4FD00F250BD /* OpenSans-Semibold.ttf in Resources */,
			);
			runOnlyForDeploymentPostprocessing = 0;
		};
/* End PBXResourcesBuildPhase section */

/* Begin PBXShellScriptBuildPhase section */
		31A0043A13CEFA6A4C5CFA1A /* [CP] Check Pods Manifest.lock */ = {
			isa = PBXShellScriptBuildPhase;
			buildActionMask = 2147483647;
			files = (
			);
			inputPaths = (
			);
			name = "[CP] Check Pods Manifest.lock";
			outputPaths = (
			);
			runOnlyForDeploymentPostprocessing = 0;
			shellPath = /bin/sh;
			shellScript = "diff \"${PODS_ROOT}/../Podfile.lock\" \"${PODS_ROOT}/Manifest.lock\" > /dev/null\nif [[ $? != 0 ]] ; then\n    cat << EOM\nerror: The sandbox is not in sync with the Podfile.lock. Run 'pod install' or update your CocoaPods installation.\nEOM\n    exit 1\nfi\n";
			showEnvVarsInLog = 0;
		};
		DD9162BD1D6CFD660086C0D7 /* TODO as Warnings */ = {
			isa = PBXShellScriptBuildPhase;
			buildActionMask = 2147483647;
			files = (
			);
			inputPaths = (
			);
			name = "TODO as Warnings";
			outputPaths = (
			);
			runOnlyForDeploymentPostprocessing = 0;
			shellPath = /bin/sh;
			shellScript = "TAGS=\"TODO:|FIXME:\"\necho \"searching ${SRCROOT} for ${TAGS}\"\nfind \"${SRCROOT}\" \\( -name \"*.swift\" \\) -print0 | xargs -0 egrep --with-filename --line-number --only-matching \"($TAGS).*\\$\" | perl -p -e \"s/($TAGS)/ warning: \\$1/\"";
		};
		E9681AE0F52E42F665A7AC84 /* [CP] Embed Pods Frameworks */ = {
			isa = PBXShellScriptBuildPhase;
			buildActionMask = 2147483647;
			files = (
			);
			inputPaths = (
			);
			name = "[CP] Embed Pods Frameworks";
			outputPaths = (
			);
			runOnlyForDeploymentPostprocessing = 0;
			shellPath = /bin/sh;
			shellScript = "\"${SRCROOT}/../Pods/Target Support Files/Pods-smartbnbkit/Pods-smartbnbkit-frameworks.sh\"\n";
			showEnvVarsInLog = 0;
		};
		EEE0C4DFDC94C64A9242F346 /* [CP] Copy Pods Resources */ = {
			isa = PBXShellScriptBuildPhase;
			buildActionMask = 2147483647;
			files = (
			);
			inputPaths = (
			);
			name = "[CP] Copy Pods Resources";
			outputPaths = (
			);
			runOnlyForDeploymentPostprocessing = 0;
			shellPath = /bin/sh;
			shellScript = "\"${SRCROOT}/../Pods/Target Support Files/Pods-smartbnbkit/Pods-smartbnbkit-resources.sh\"\n";
			showEnvVarsInLog = 0;
		};
/* End PBXShellScriptBuildPhase section */

/* Begin PBXSourcesBuildPhase section */
		DD3899A21D6BA8170070E668 /* Sources */ = {
			isa = PBXSourcesBuildPhase;
			buildActionMask = 2147483647;
			files = (
				DDC0DDD51D6CA01100CCEC9A /* MaskotView.swift in Sources */,
				DDC0DDD31D6C9FF300CCEC9A /* SwitchViewController.swift in Sources */,
				22CC73D51D7339C300CFA589 /* Utils.swift in Sources */,
				22CC73D11D7337B100CFA589 /* WebServices.swift in Sources */,
				22CC73CF1D73363500CFA589 /* URLProvider.swift in Sources */,
				DDC0DDCD1D6C9FD800CCEC9A /* StyleKit.swift in Sources */,
				DDC0DDD21D6C9FF300CCEC9A /* LoginViewController.swift in Sources */,
				DD3899C51D6BA89F0070E668 /* AppDelegate.swift in Sources */,
				22CC73D31D73385900CFA589 /* Constants.swift in Sources */,
			);
			runOnlyForDeploymentPostprocessing = 0;
		};
/* End PBXSourcesBuildPhase section */

/* Begin PBXVariantGroup section */
		DD3899C11D6BA89F0070E668 /* LaunchScreen.storyboard */ = {
			isa = PBXVariantGroup;
			children = (
				DD3899C21D6BA89F0070E668 /* Base */,
			);
			name = LaunchScreen.storyboard;
			sourceTree = "<group>";
		};
		DD3899C31D6BA89F0070E668 /* Main.storyboard */ = {
			isa = PBXVariantGroup;
			children = (
				DD3899C41D6BA89F0070E668 /* Base */,
			);
			name = Main.storyboard;
			sourceTree = "<group>";
		};
/* End PBXVariantGroup section */

/* Begin XCBuildConfiguration section */
		DD3899B61D6BA8170070E668 /* Debug */ = {
			isa = XCBuildConfiguration;
			buildSettings = {
				ALWAYS_SEARCH_USER_PATHS = NO;
				CLANG_ANALYZER_NONNULL = YES;
				CLANG_CXX_LANGUAGE_STANDARD = "gnu++0x";
				CLANG_CXX_LIBRARY = "libc++";
				CLANG_ENABLE_MODULES = YES;
				CLANG_ENABLE_OBJC_ARC = YES;
				CLANG_WARN_BOOL_CONVERSION = YES;
				CLANG_WARN_CONSTANT_CONVERSION = YES;
				CLANG_WARN_DIRECT_OBJC_ISA_USAGE = YES_ERROR;
				CLANG_WARN_EMPTY_BODY = YES;
				CLANG_WARN_ENUM_CONVERSION = YES;
				CLANG_WARN_INT_CONVERSION = YES;
				CLANG_WARN_OBJC_ROOT_CLASS = YES_ERROR;
				CLANG_WARN_UNREACHABLE_CODE = YES;
				CLANG_WARN__DUPLICATE_METHOD_MATCH = YES;
				"CODE_SIGN_IDENTITY[sdk=iphoneos*]" = "iPhone Developer";
				COPY_PHASE_STRIP = NO;
				DEBUG_INFORMATION_FORMAT = dwarf;
				ENABLE_STRICT_OBJC_MSGSEND = YES;
				ENABLE_TESTABILITY = YES;
				GCC_C_LANGUAGE_STANDARD = gnu99;
				GCC_DYNAMIC_NO_PIC = NO;
				GCC_NO_COMMON_BLOCKS = YES;
				GCC_OPTIMIZATION_LEVEL = 0;
				GCC_PREPROCESSOR_DEFINITIONS = (
					"DEBUG=1",
					"$(inherited)",
				);
				GCC_WARN_64_TO_32_BIT_CONVERSION = YES;
				GCC_WARN_ABOUT_RETURN_TYPE = YES_ERROR;
				GCC_WARN_UNDECLARED_SELECTOR = YES;
				GCC_WARN_UNINITIALIZED_AUTOS = YES_AGGRESSIVE;
				GCC_WARN_UNUSED_FUNCTION = YES;
				GCC_WARN_UNUSED_VARIABLE = YES;
				IPHONEOS_DEPLOYMENT_TARGET = 9.0;
				MTL_ENABLE_DEBUG_INFO = YES;
				ONLY_ACTIVE_ARCH = YES;
				SDKROOT = iphoneos;
				SWIFT_OPTIMIZATION_LEVEL = "-Onone";
				TARGETED_DEVICE_FAMILY = "1,2";
			};
			name = Debug;
		};
		DD3899B71D6BA8170070E668 /* Release */ = {
			isa = XCBuildConfiguration;
			buildSettings = {
				ALWAYS_SEARCH_USER_PATHS = NO;
				CLANG_ANALYZER_NONNULL = YES;
				CLANG_CXX_LANGUAGE_STANDARD = "gnu++0x";
				CLANG_CXX_LIBRARY = "libc++";
				CLANG_ENABLE_MODULES = YES;
				CLANG_ENABLE_OBJC_ARC = YES;
				CLANG_WARN_BOOL_CONVERSION = YES;
				CLANG_WARN_CONSTANT_CONVERSION = YES;
				CLANG_WARN_DIRECT_OBJC_ISA_USAGE = YES_ERROR;
				CLANG_WARN_EMPTY_BODY = YES;
				CLANG_WARN_ENUM_CONVERSION = YES;
				CLANG_WARN_INT_CONVERSION = YES;
				CLANG_WARN_OBJC_ROOT_CLASS = YES_ERROR;
				CLANG_WARN_UNREACHABLE_CODE = YES;
				CLANG_WARN__DUPLICATE_METHOD_MATCH = YES;
				"CODE_SIGN_IDENTITY[sdk=iphoneos*]" = "iPhone Developer";
				COPY_PHASE_STRIP = NO;
				DEBUG_INFORMATION_FORMAT = "dwarf-with-dsym";
				ENABLE_NS_ASSERTIONS = NO;
				ENABLE_STRICT_OBJC_MSGSEND = YES;
				GCC_C_LANGUAGE_STANDARD = gnu99;
				GCC_NO_COMMON_BLOCKS = YES;
				GCC_WARN_64_TO_32_BIT_CONVERSION = YES;
				GCC_WARN_ABOUT_RETURN_TYPE = YES_ERROR;
				GCC_WARN_UNDECLARED_SELECTOR = YES;
				GCC_WARN_UNINITIALIZED_AUTOS = YES_AGGRESSIVE;
				GCC_WARN_UNUSED_FUNCTION = YES;
				GCC_WARN_UNUSED_VARIABLE = YES;
				IPHONEOS_DEPLOYMENT_TARGET = 9.0;
				MTL_ENABLE_DEBUG_INFO = NO;
				SDKROOT = iphoneos;
				TARGETED_DEVICE_FAMILY = "1,2";
				VALIDATE_PRODUCT = YES;
			};
			name = Release;
		};
		DD3899B91D6BA8170070E668 /* Debug */ = {
			isa = XCBuildConfiguration;
			baseConfigurationReference = 68EEBA9F7A7FE4CAA6827C5F /* Pods-smartbnbkit.debug.xcconfig */;
			buildSettings = {
				ASSETCATALOG_COMPILER_APPICON_NAME = AppIcon;
				INFOPLIST_FILE = smartbnbkit/Info.plist;
				LD_RUNPATH_SEARCH_PATHS = "$(inherited) @executable_path/Frameworks";
				PRODUCT_BUNDLE_IDENTIFIER = com.toptal.smartbnbkit;
				PRODUCT_NAME = "$(TARGET_NAME)";
			};
			name = Debug;
		};
		DD3899BA1D6BA8170070E668 /* Release */ = {
			isa = XCBuildConfiguration;
			baseConfigurationReference = 92D05E572B6D63063169EBEF /* Pods-smartbnbkit.release.xcconfig */;
			buildSettings = {
				ASSETCATALOG_COMPILER_APPICON_NAME = AppIcon;
				INFOPLIST_FILE = smartbnbkit/Info.plist;
				LD_RUNPATH_SEARCH_PATHS = "$(inherited) @executable_path/Frameworks";
				PRODUCT_BUNDLE_IDENTIFIER = com.toptal.smartbnbkit;
				PRODUCT_NAME = "$(TARGET_NAME)";
			};
			name = Release;
		};
/* End XCBuildConfiguration section */

/* Begin XCConfigurationList section */
		DD3899A11D6BA8170070E668 /* Build configuration list for PBXProject "smartbnbkit" */ = {
			isa = XCConfigurationList;
			buildConfigurations = (
				DD3899B61D6BA8170070E668 /* Debug */,
				DD3899B71D6BA8170070E668 /* Release */,
			);
			defaultConfigurationIsVisible = 0;
			defaultConfigurationName = Release;
		};
		DD3899B81D6BA8170070E668 /* Build configuration list for PBXNativeTarget "smartbnbkit" */ = {
			isa = XCConfigurationList;
			buildConfigurations = (
				DD3899B91D6BA8170070E668 /* Debug */,
				DD3899BA1D6BA8170070E668 /* Release */,
			);
			defaultConfigurationIsVisible = 0;
			defaultConfigurationName = Release;
		};
/* End XCConfigurationList section */
	};
	rootObject = DD38999E1D6BA8170070E668 /* Project object */;
}
